
Microsoft Visual Studio Solution File, Format Version 12.00
# Visual Studio Version 17
VisualStudioVersion = 17.11.35327.3
MinimumVisualStudioVersion = 10.0.40219.1
Project("{9A19103F-16F7-4668-BE54-9A1E7A4F7556}") = "Customer.Application", "Customer.Application\Customer.Application.csproj", "{801E9ADD-41E2-4D18-933A-EC6F67E5FFEB}"
EndProject
Project("{2150E333-8FDC-42A3-9474-1A3956D46DE8}") = "Customer", "Customer", "{E726384B-384F-46D1-BDEB-C68D27D0DA81}"
EndProject
Project("{2150E333-8FDC-42A3-9474-1A3956D46DE8}") = "src", "src", "{A3A40326-2C03-4F98-9372-CFD0B62D6B90}"
EndProject
Project("{2150E333-8FDC-42A3-9474-1A3956D46DE8}") = "tests", "tests", "{958B4F63-DD62-4C5B-A662-5AAC568692CC}"
EndProject
Project("{9A19103F-16F7-4668-BE54-9A1E7A4F7556}") = "Customer.Domain", "Customer.Domain\Customer.Domain.csproj", "{55E3D538-9363-47E7-B7F2-02B070214BFE}"
EndProject
Project("{9A19103F-16F7-4668-BE54-9A1E7A4F7556}") = "Customer.Infra", "Customer.Infra\Customer.Infra.csproj", "{484EA7BB-52D9-469F-8EAC-E56291D28782}"
EndProject
Project("{9A19103F-16F7-4668-BE54-9A1E7A4F7556}") = "Customer.WEB.API", "Customer.Service\Customer.WEB.API.csproj", "{82C6A429-6ABE-4AB4-957B-6F50FCC051B7}"
EndProject
Project("{2150E333-8FDC-42A3-9474-1A3956D46DE8}") = "Shared", "Shared", "{02EA681E-C7D8-13C7-8484-4AC65E1B71E8}"
EndProject
Project("{FAE04EC0-301F-11D3-BF4B-00C04F79EFBC}") = "Sharedkernel", "Sharedkernel\Sharedkernel.csproj", "{E7D912EB-F385-4DC7-B739-BDFC51CFD1FC}"
EndProject
Project("{2150E333-8FDC-42A3-9474-1A3956D46DE8}") = "Product", "Product", "{A001877D-9FAB-4314-9196-E6E1FA0A3403}"
EndProject
Project("{FAE04EC0-301F-11D3-BF4B-00C04F79EFBC}") = "Product.WEB.API", "Product.WEB.API\Product.WEB.API.csproj", "{700DB90A-42C7-4B52-8D46-7AA45DFBCF86}"
EndProject
Project("{FAE04EC0-301F-11D3-BF4B-00C04F79EFBC}") = "Product.Domain", "Product.Domain\Product.Domain.csproj", "{71C557CA-9A21-48FD-8EFB-C791643977E5}"
EndProject
Project("{FAE04EC0-301F-11D3-BF4B-00C04F79EFBC}") = "Product.Infra", "Product.Infra\Product.Infra.csproj", "{F37EC64B-17C9-47BE-A29E-D70A911E0888}"
EndProject
Project("{FAE04EC0-301F-11D3-BF4B-00C04F79EFBC}") = "Product.Application", "Product.Application\Product.Application.csproj", "{D3DFDAEF-12B6-43F1-8D94-7DC8E7A857F2}"
EndProject
Project("{2150E333-8FDC-42A3-9474-1A3956D46DE8}") = "Purchase.Service", "Purchase.Service", "{9F7BE20B-04B5-4D14-BA33-06E31854D482}"
EndProject
Project("{FAE04EC0-301F-11D3-BF4B-00C04F79EFBC}") = "Purchase.WEB.API", "Purchase.WEB.API\Purchase.WEB.API.csproj", "{A4F4E03F-99EB-4900-91E6-7963CE5B15B8}"
EndProject
Project("{FAE04EC0-301F-11D3-BF4B-00C04F79EFBC}") = "Purchase.Application", "Purchase.Application\Purchase.Application.csproj", "{AFD2296F-B272-4657-8D50-BDD7AFD6E68B}"
EndProject
Project("{FAE04EC0-301F-11D3-BF4B-00C04F79EFBC}") = "Purchase.Infra", "Purchase.Infra\Purchase.Infra.csproj", "{0096BB14-3686-4B3A-91DC-9B5E696DBDD9}"
EndProject
Project("{FAE04EC0-301F-11D3-BF4B-00C04F79EFBC}") = "Purchase.Domain", "Purchase.Domain\Purchase.Domain.csproj", "{5D9AD48B-F0DA-4567-A6B6-EFEAFF34DC32}"
EndProject
Global
	GlobalSection(SolutionConfigurationPlatforms) = preSolution
		Debug|Any CPU = Debug|Any CPU
		Release|Any CPU = Release|Any CPU
	EndGlobalSection
	GlobalSection(ProjectConfigurationPlatforms) = postSolution
		{801E9ADD-41E2-4D18-933A-EC6F67E5FFEB}.Debug|Any CPU.ActiveCfg = Debug|Any CPU
		{801E9ADD-41E2-4D18-933A-EC6F67E5FFEB}.Debug|Any CPU.Build.0 = Debug|Any CPU
		{801E9ADD-41E2-4D18-933A-EC6F67E5FFEB}.Release|Any CPU.ActiveCfg = Release|Any CPU
		{801E9ADD-41E2-4D18-933A-EC6F67E5FFEB}.Release|Any CPU.Build.0 = Release|Any CPU
		{55E3D538-9363-47E7-B7F2-02B070214BFE}.Debug|Any CPU.ActiveCfg = Debug|Any CPU
		{55E3D538-9363-47E7-B7F2-02B070214BFE}.Debug|Any CPU.Build.0 = Debug|Any CPU
		{55E3D538-9363-47E7-B7F2-02B070214BFE}.Release|Any CPU.ActiveCfg = Release|Any CPU
		{55E3D538-9363-47E7-B7F2-02B070214BFE}.Release|Any CPU.Build.0 = Release|Any CPU
		{484EA7BB-52D9-469F-8EAC-E56291D28782}.Debug|Any CPU.ActiveCfg = Debug|Any CPU
		{484EA7BB-52D9-469F-8EAC-E56291D28782}.Debug|Any CPU.Build.0 = Debug|Any CPU
		{484EA7BB-52D9-469F-8EAC-E56291D28782}.Release|Any CPU.ActiveCfg = Release|Any CPU
		{484EA7BB-52D9-469F-8EAC-E56291D28782}.Release|Any CPU.Build.0 = Release|Any CPU
		{82C6A429-6ABE-4AB4-957B-6F50FCC051B7}.Debug|Any CPU.ActiveCfg = Debug|Any CPU
		{82C6A429-6ABE-4AB4-957B-6F50FCC051B7}.Debug|Any CPU.Build.0 = Debug|Any CPU
		{82C6A429-6ABE-4AB4-957B-6F50FCC051B7}.Release|Any CPU.ActiveCfg = Release|Any CPU
		{82C6A429-6ABE-4AB4-957B-6F50FCC051B7}.Release|Any CPU.Build.0 = Release|Any CPU
		{E7D912EB-F385-4DC7-B739-BDFC51CFD1FC}.Debug|Any CPU.ActiveCfg = Debug|Any CPU
		{E7D912EB-F385-4DC7-B739-BDFC51CFD1FC}.Debug|Any CPU.Build.0 = Debug|Any CPU
		{E7D912EB-F385-4DC7-B739-BDFC51CFD1FC}.Release|Any CPU.ActiveCfg = Release|Any CPU
		{E7D912EB-F385-4DC7-B739-BDFC51CFD1FC}.Release|Any CPU.Build.0 = Release|Any CPU
		{700DB90A-42C7-4B52-8D46-7AA45DFBCF86}.Debug|Any CPU.ActiveCfg = Debug|Any CPU
		{700DB90A-42C7-4B52-8D46-7AA45DFBCF86}.Debug|Any CPU.Build.0 = Debug|Any CPU
		{700DB90A-42C7-4B52-8D46-7AA45DFBCF86}.Release|Any CPU.ActiveCfg = Release|Any CPU
		{700DB90A-42C7-4B52-8D46-7AA45DFBCF86}.Release|Any CPU.Build.0 = Release|Any CPU
		{71C557CA-9A21-48FD-8EFB-C791643977E5}.Debug|Any CPU.ActiveCfg = Debug|Any CPU
		{71C557CA-9A21-48FD-8EFB-C791643977E5}.Debug|Any CPU.Build.0 = Debug|Any CPU
		{71C557CA-9A21-48FD-8EFB-C791643977E5}.Release|Any CPU.ActiveCfg = Release|Any CPU
		{71C557CA-9A21-48FD-8EFB-C791643977E5}.Release|Any CPU.Build.0 = Release|Any CPU
		{F37EC64B-17C9-47BE-A29E-D70A911E0888}.Debug|Any CPU.ActiveCfg = Debug|Any CPU
		{F37EC64B-17C9-47BE-A29E-D70A911E0888}.Debug|Any CPU.Build.0 = Debug|Any CPU
		{F37EC64B-17C9-47BE-A29E-D70A911E0888}.Release|Any CPU.ActiveCfg = Release|Any CPU
		{F37EC64B-17C9-47BE-A29E-D70A911E0888}.Release|Any CPU.Build.0 = Release|Any CPU
		{D3DFDAEF-12B6-43F1-8D94-7DC8E7A857F2}.Debug|Any CPU.ActiveCfg = Debug|Any CPU
		{D3DFDAEF-12B6-43F1-8D94-7DC8E7A857F2}.Debug|Any CPU.Build.0 = Debug|Any CPU
		{D3DFDAEF-12B6-43F1-8D94-7DC8E7A857F2}.Release|Any CPU.ActiveCfg = Release|Any CPU
		{D3DFDAEF-12B6-43F1-8D94-7DC8E7A857F2}.Release|Any CPU.Build.0 = Release|Any CPU
		{A4F4E03F-99EB-4900-91E6-7963CE5B15B8}.Debug|Any CPU.ActiveCfg = Debug|Any CPU
		{A4F4E03F-99EB-4900-91E6-7963CE5B15B8}.Debug|Any CPU.Build.0 = Debug|Any CPU
		{A4F4E03F-99EB-4900-91E6-7963CE5B15B8}.Release|Any CPU.ActiveCfg = Release|Any CPU
		{A4F4E03F-99EB-4900-91E6-7963CE5B15B8}.Release|Any CPU.Build.0 = Release|Any CPU
		{AFD2296F-B272-4657-8D50-BDD7AFD6E68B}.Debug|Any CPU.ActiveCfg = Debug|Any CPU
		{AFD2296F-B272-4657-8D50-BDD7AFD6E68B}.Debug|Any CPU.Build.0 = Debug|Any CPU
		{AFD2296F-B272-4657-8D50-BDD7AFD6E68B}.Release|Any CPU.ActiveCfg = Release|Any CPU
		{AFD2296F-B272-4657-8D50-BDD7AFD6E68B}.Release|Any CPU.Build.0 = Release|Any CPU
		{0096BB14-3686-4B3A-91DC-9B5E696DBDD9}.Debug|Any CPU.ActiveCfg = Debug|Any CPU
		{0096BB14-3686-4B3A-91DC-9B5E696DBDD9}.Debug|Any CPU.Build.0 = Debug|Any CPU
		{0096BB14-3686-4B3A-91DC-9B5E696DBDD9}.Release|Any CPU.ActiveCfg = Release|Any CPU
		{0096BB14-3686-4B3A-91DC-9B5E696DBDD9}.Release|Any CPU.Build.0 = Release|Any CPU
		{5D9AD48B-F0DA-4567-A6B6-EFEAFF34DC32}.Debug|Any CPU.ActiveCfg = Debug|Any CPU
		{5D9AD48B-F0DA-4567-A6B6-EFEAFF34DC32}.Debug|Any CPU.Build.0 = Debug|Any CPU
		{5D9AD48B-F0DA-4567-A6B6-EFEAFF34DC32}.Release|Any CPU.ActiveCfg = Release|Any CPU
		{5D9AD48B-F0DA-4567-A6B6-EFEAFF34DC32}.Release|Any CPU.Build.0 = Release|Any CPU
	EndGlobalSection
	GlobalSection(SolutionProperties) = preSolution
		HideSolutionNode = FALSE
	EndGlobalSection
	GlobalSection(NestedProjects) = preSolution
		{801E9ADD-41E2-4D18-933A-EC6F67E5FFEB} = {E726384B-384F-46D1-BDEB-C68D27D0DA81}
		{E726384B-384F-46D1-BDEB-C68D27D0DA81} = {A3A40326-2C03-4F98-9372-CFD0B62D6B90}
		{55E3D538-9363-47E7-B7F2-02B070214BFE} = {E726384B-384F-46D1-BDEB-C68D27D0DA81}
		{484EA7BB-52D9-469F-8EAC-E56291D28782} = {E726384B-384F-46D1-BDEB-C68D27D0DA81}
		{82C6A429-6ABE-4AB4-957B-6F50FCC051B7} = {E726384B-384F-46D1-BDEB-C68D27D0DA81}
		{02EA681E-C7D8-13C7-8484-4AC65E1B71E8} = {A3A40326-2C03-4F98-9372-CFD0B62D6B90}
		{E7D912EB-F385-4DC7-B739-BDFC51CFD1FC} = {02EA681E-C7D8-13C7-8484-4AC65E1B71E8}
		{A001877D-9FAB-4314-9196-E6E1FA0A3403} = {A3A40326-2C03-4F98-9372-CFD0B62D6B90}
		{700DB90A-42C7-4B52-8D46-7AA45DFBCF86} = {A001877D-9FAB-4314-9196-E6E1FA0A3403}
		{71C557CA-9A21-48FD-8EFB-C791643977E5} = {A001877D-9FAB-4314-9196-E6E1FA0A3403}
		{F37EC64B-17C9-47BE-A29E-D70A911E0888} = {A001877D-9FAB-4314-9196-E6E1FA0A3403}
		{D3DFDAEF-12B6-43F1-8D94-7DC8E7A857F2} = {A001877D-9FAB-4314-9196-E6E1FA0A3403}
		{9F7BE20B-04B5-4D14-BA33-06E31854D482} = {A3A40326-2C03-4F98-9372-CFD0B62D6B90}
		{A4F4E03F-99EB-4900-91E6-7963CE5B15B8} = {9F7BE20B-04B5-4D14-BA33-06E31854D482}
		{AFD2296F-B272-4657-8D50-BDD7AFD6E68B} = {9F7BE20B-04B5-4D14-BA33-06E31854D482}
		{0096BB14-3686-4B3A-91DC-9B5E696DBDD9} = {9F7BE20B-04B5-4D14-BA33-06E31854D482}
		{5D9AD48B-F0DA-4567-A6B6-EFEAFF34DC32} = {9F7BE20B-04B5-4D14-BA33-06E31854D482}
	EndGlobalSection
	GlobalSection(ExtensibilityGlobals) = postSolution
		SolutionGuid = {CB79BA87-1168-4EE4-97FE-6C689678EB7D}
	EndGlobalSection
EndGlobal
